
Microsoft Visual Studio Solution File, Format Version 12.00
# Visual Studio Version 17
VisualStudioVersion = 17.9.34701.34
MinimumVisualStudioVersion = 10.0.40219.1
Project("{9A19103F-16F7-4668-BE54-9A1E7A4F7556}") = "TelegramClient", "TelegramClient\TelegramClient.csproj", "{80FA84AB-C728-4FB9-8CC4-323D3527C80C}"
EndProject
Project("{9A19103F-16F7-4668-BE54-9A1E7A4F7556}") = "TelegramAutoDownload", "TelegramAutoDownload\TelegramAutoDownload.csproj", "{DB2263BD-7D96-4AAF-87C4-A2D7F185199F}"
EndProject
Project("{9A19103F-16F7-4668-BE54-9A1E7A4F7556}") = "YoutubePlugin", "YoutubePlugin\YoutubePlugin.csproj", "{EE196651-5292-4460-A0BD-C24B7B41073D}"
EndProject
Project("{9A19103F-16F7-4668-BE54-9A1E7A4F7556}") = "DownloadPlugin", "DownloadService\DownloadPlugin.csproj", "{118B4019-8BDF-47FA-A9FE-C4FA48CD6750}"
EndProject
Project("{9A19103F-16F7-4668-BE54-9A1E7A4F7556}") = "BasePlugins", "BasePlugin\BasePlugins.csproj", "{6CA4B3B0-49C5-4E90-8F1F-EE354EEDBACA}"
EndProject
Global
	GlobalSection(SolutionConfigurationPlatforms) = preSolution
		Debug|Any CPU = Debug|Any CPU
		Release|Any CPU = Release|Any CPU
	EndGlobalSection
	GlobalSection(ProjectConfigurationPlatforms) = postSolution
		{80FA84AB-C728-4FB9-8CC4-323D3527C80C}.Debug|Any CPU.ActiveCfg = Debug|Any CPU
		{80FA84AB-C728-4FB9-8CC4-323D3527C80C}.Debug|Any CPU.Build.0 = Debug|Any CPU
		{80FA84AB-C728-4FB9-8CC4-323D3527C80C}.Release|Any CPU.ActiveCfg = Release|Any CPU
		{80FA84AB-C728-4FB9-8CC4-323D3527C80C}.Release|Any CPU.Build.0 = Release|Any CPU
		{DB2263BD-7D96-4AAF-87C4-A2D7F185199F}.Debug|Any CPU.ActiveCfg = Debug|Any CPU
		{DB2263BD-7D96-4AAF-87C4-A2D7F185199F}.Debug|Any CPU.Build.0 = Debug|Any CPU
		{DB2263BD-7D96-4AAF-87C4-A2D7F185199F}.Release|Any CPU.ActiveCfg = Release|Any CPU
		{DB2263BD-7D96-4AAF-87C4-A2D7F185199F}.Release|Any CPU.Build.0 = Release|Any CPU
		{EE196651-5292-4460-A0BD-C24B7B41073D}.Debug|Any CPU.ActiveCfg = Debug|Any CPU
		{EE196651-5292-4460-A0BD-C24B7B41073D}.Debug|Any CPU.Build.0 = Debug|Any CPU
		{EE196651-5292-4460-A0BD-C24B7B41073D}.Release|Any CPU.ActiveCfg = Release|Any CPU
		{EE196651-5292-4460-A0BD-C24B7B41073D}.Release|Any CPU.Build.0 = Release|Any CPU
		{118B4019-8BDF-47FA-A9FE-C4FA48CD6750}.Debug|Any CPU.ActiveCfg = Debug|Any CPU
		{118B4019-8BDF-47FA-A9FE-C4FA48CD6750}.Debug|Any CPU.Build.0 = Debug|Any CPU
		{118B4019-8BDF-47FA-A9FE-C4FA48CD6750}.Release|Any CPU.ActiveCfg = Release|Any CPU
		{118B4019-8BDF-47FA-A9FE-C4FA48CD6750}.Release|Any CPU.Build.0 = Release|Any CPU
		{6CA4B3B0-49C5-4E90-8F1F-EE354EEDBACA}.Debug|Any CPU.ActiveCfg = Debug|Any CPU
		{6CA4B3B0-49C5-4E90-8F1F-EE354EEDBACA}.Debug|Any CPU.Build.0 = Debug|Any CPU
		{6CA4B3B0-49C5-4E90-8F1F-EE354EEDBACA}.Release|Any CPU.ActiveCfg = Release|Any CPU
		{6CA4B3B0-49C5-4E90-8F1F-EE354EEDBACA}.Release|Any CPU.Build.0 = Release|Any CPU
	EndGlobalSection
	GlobalSection(SolutionProperties) = preSolution
		HideSolutionNode = FALSE
	EndGlobalSection
	GlobalSection(ExtensibilityGlobals) = postSolution
		SolutionGuid = {1E86904E-972B-4FF2-8F61-154F6D30F775}
	EndGlobalSection
EndGlobal
